// !$*UTF8*$!
{
	archiveVersion = 1;
	classes = {
	};
	objectVersion = 51;
	objects = {

/* Begin PBXBuildFile section */
		948A88B4268C7683006F6652 /* FeedViewController.swift in Sources */ = {isa = PBXBuildFile; fileRef = 948A88B3268C7683006F6652 /* FeedViewController.swift */; };
		948A88B6268C7696006F6652 /* FeedViewController.storyboard in Resources */ = {isa = PBXBuildFile; fileRef = 948A88B5268C7696006F6652 /* FeedViewController.storyboard */; };
		948A88B8268C7B6E006F6652 /* UIViewControllerAndSB.swift in Sources */ = {isa = PBXBuildFile; fileRef = 948A88B7268C7B6D006F6652 /* UIViewControllerAndSB.swift */; };
		948A88BC268C7FAB006F6652 /* NetworkService.swift in Sources */ = {isa = PBXBuildFile; fileRef = 948A88BB268C7FAB006F6652 /* NetworkService.swift */; };
		948A88BE268C7FEA006F6652 /* API.swift in Sources */ = {isa = PBXBuildFile; fileRef = 948A88BD268C7FEA006F6652 /* API.swift */; };
		94C2820A268B65BF00A4D8AD /* AppDelegate.swift in Sources */ = {isa = PBXBuildFile; fileRef = 94C28209268B65BF00A4D8AD /* AppDelegate.swift */; };
		94C28213268B65C100A4D8AD /* Assets.xcassets in Resources */ = {isa = PBXBuildFile; fileRef = 94C28212268B65C100A4D8AD /* Assets.xcassets */; };
		94C28216268B65C100A4D8AD /* LaunchScreen.storyboard in Resources */ = {isa = PBXBuildFile; fileRef = 94C28214268B65C100A4D8AD /* LaunchScreen.storyboard */; };
		94C2821F268B858600A4D8AD /* AuthenticationService.swift in Sources */ = {isa = PBXBuildFile; fileRef = 94C2821E268B858600A4D8AD /* AuthenticationService.swift */; };
		94C28228268B8EA200A4D8AD /* AuthentificationViewController.swift in Sources */ = {isa = PBXBuildFile; fileRef = 94C28227268B8EA200A4D8AD /* AuthentificationViewController.swift */; };
		94C28229268B95C200A4D8AD /* AuthentificationViewController.storyboard in Resources */ = {isa = PBXBuildFile; fileRef = 94C28222268B8CA500A4D8AD /* AuthentificationViewController.storyboard */; };
		FFBB09547DBB0AE9F506D6ED /* Pods_VKApp.framework in Frameworks */ = {isa = PBXBuildFile; fileRef = 7266ED5630246F0A556913B9 /* Pods_VKApp.framework */; };
/* End PBXBuildFile section */

/* Begin PBXFileReference section */
		00ACB927EF0AC6A6C9942FE8 /* Pods-VKApp.release.xcconfig */ = {isa = PBXFileReference; includeInIndex = 1; lastKnownFileType = text.xcconfig; name = "Pods-VKApp.release.xcconfig"; path = "Target Support Files/Pods-VKApp/Pods-VKApp.release.xcconfig"; sourceTree = "<group>"; };
		7266ED5630246F0A556913B9 /* Pods_VKApp.framework */ = {isa = PBXFileReference; explicitFileType = wrapper.framework; includeInIndex = 0; path = Pods_VKApp.framework; sourceTree = BUILT_PRODUCTS_DIR; };
		948A88B3268C7683006F6652 /* FeedViewController.swift */ = {isa = PBXFileReference; lastKnownFileType = sourcecode.swift; path = FeedViewController.swift; sourceTree = "<group>"; };
		948A88B5268C7696006F6652 /* FeedViewController.storyboard */ = {isa = PBXFileReference; lastKnownFileType = file.storyboard; path = FeedViewController.storyboard; sourceTree = "<group>"; };
		948A88B7268C7B6D006F6652 /* UIViewControllerAndSB.swift */ = {isa = PBXFileReference; lastKnownFileType = sourcecode.swift; path = UIViewControllerAndSB.swift; sourceTree = "<group>"; };
		948A88BB268C7FAB006F6652 /* NetworkService.swift */ = {isa = PBXFileReference; lastKnownFileType = sourcecode.swift; path = NetworkService.swift; sourceTree = "<group>"; };
		948A88BD268C7FEA006F6652 /* API.swift */ = {isa = PBXFileReference; lastKnownFileType = sourcecode.swift; path = API.swift; sourceTree = "<group>"; };
		94C28206268B65BF00A4D8AD /* VKApp.app */ = {isa = PBXFileReference; explicitFileType = wrapper.application; includeInIndex = 0; path = VKApp.app; sourceTree = BUILT_PRODUCTS_DIR; };
		94C28209268B65BF00A4D8AD /* AppDelegate.swift */ = {isa = PBXFileReference; lastKnownFileType = sourcecode.swift; path = AppDelegate.swift; sourceTree = "<group>"; };
		94C28212268B65C100A4D8AD /* Assets.xcassets */ = {isa = PBXFileReference; lastKnownFileType = folder.assetcatalog; path = Assets.xcassets; sourceTree = "<group>"; };
		94C28215268B65C100A4D8AD /* Base */ = {isa = PBXFileReference; lastKnownFileType = file.storyboard; name = Base; path = Base.lproj/LaunchScreen.storyboard; sourceTree = "<group>"; };
		94C28217268B65C100A4D8AD /* Info.plist */ = {isa = PBXFileReference; lastKnownFileType = text.plist.xml; path = Info.plist; sourceTree = "<group>"; };
		94C2821E268B858600A4D8AD /* AuthenticationService.swift */ = {isa = PBXFileReference; lastKnownFileType = sourcecode.swift; path = AuthenticationService.swift; sourceTree = "<group>"; };
		94C28222268B8CA500A4D8AD /* AuthentificationViewController.storyboard */ = {isa = PBXFileReference; lastKnownFileType = file.storyboard; path = AuthentificationViewController.storyboard; sourceTree = "<group>"; };
		94C28227268B8EA200A4D8AD /* AuthentificationViewController.swift */ = {isa = PBXFileReference; lastKnownFileType = sourcecode.swift; path = AuthentificationViewController.swift; sourceTree = "<group>"; };
		E2E216B48FB8ED614EDCA73A /* Pods-VKApp.debug.xcconfig */ = {isa = PBXFileReference; includeInIndex = 1; lastKnownFileType = text.xcconfig; name = "Pods-VKApp.debug.xcconfig"; path = "Target Support Files/Pods-VKApp/Pods-VKApp.debug.xcconfig"; sourceTree = "<group>"; };
/* End PBXFileReference section */

/* Begin PBXFrameworksBuildPhase section */
		94C28203268B65BF00A4D8AD /* Frameworks */ = {
			isa = PBXFrameworksBuildPhase;
			buildActionMask = 2147483647;
			files = (
				FFBB09547DBB0AE9F506D6ED /* Pods_VKApp.framework in Frameworks */,
			);
			runOnlyForDeploymentPostprocessing = 0;
		};
/* End PBXFrameworksBuildPhase section */

/* Begin PBXGroup section */
		70FEEE6313645C1CCEC89129 /* Frameworks */ = {
			isa = PBXGroup;
			children = (
				7266ED5630246F0A556913B9 /* Pods_VKApp.framework */,
			);
			name = Frameworks;
			sourceTree = "<group>";
		};
		948A88B9268C7B7B006F6652 /* Helpers */ = {
			isa = PBXGroup;
			children = (
				948A88B7268C7B6D006F6652 /* UIViewControllerAndSB.swift */,
			);
			path = Helpers;
			sourceTree = "<group>";
		};
		948A88BA268C7F94006F6652 /* Feed */ = {
			isa = PBXGroup;
			children = (
				948A88B3268C7683006F6652 /* FeedViewController.swift */,
				948A88B5268C7696006F6652 /* FeedViewController.storyboard */,
			);
			path = Feed;
			sourceTree = "<group>";
		};
		94C281FD268B65BF00A4D8AD = {
			isa = PBXGroup;
			children = (
				94C28208268B65BF00A4D8AD /* VKApp */,
				94C28207268B65BF00A4D8AD /* Products */,
				EA90A6B9B5EBE2B0DF23810B /* Pods */,
				70FEEE6313645C1CCEC89129 /* Frameworks */,
			);
			sourceTree = "<group>";
		};
		94C28207268B65BF00A4D8AD /* Products */ = {
			isa = PBXGroup;
			children = (
				94C28206268B65BF00A4D8AD /* VKApp.app */,
			);
			name = Products;
			sourceTree = "<group>";
		};
		94C28208268B65BF00A4D8AD /* VKApp */ = {
			isa = PBXGroup;
			children = (
				948A88BA268C7F94006F6652 /* Feed */,
				94C28224268B8CC900A4D8AD /* Authentification */,
				94C2821D268B853200A4D8AD /* Services */,
				94C28209268B65BF00A4D8AD /* AppDelegate.swift */,
				948A88B9268C7B7B006F6652 /* Helpers */,
				94C28212268B65C100A4D8AD /* Assets.xcassets */,
				94C28214268B65C100A4D8AD /* LaunchScreen.storyboard */,
				94C28217268B65C100A4D8AD /* Info.plist */,
			);
			path = VKApp;
			sourceTree = "<group>";
		};
		94C2821D268B853200A4D8AD /* Services */ = {
			isa = PBXGroup;
			children = (
				94C2821E268B858600A4D8AD /* AuthenticationService.swift */,
				948A88BB268C7FAB006F6652 /* NetworkService.swift */,
				948A88BD268C7FEA006F6652 /* API.swift */,
			);
			path = Services;
			sourceTree = "<group>";
		};
		94C28224268B8CC900A4D8AD /* Authentification */ = {
			isa = PBXGroup;
			children = (
				94C28222268B8CA500A4D8AD /* AuthentificationViewController.storyboard */,
				94C28227268B8EA200A4D8AD /* AuthentificationViewController.swift */,
			);
			path = Authentification;
			sourceTree = "<group>";
		};
		EA90A6B9B5EBE2B0DF23810B /* Pods */ = {
			isa = PBXGroup;
			children = (
				E2E216B48FB8ED614EDCA73A /* Pods-VKApp.debug.xcconfig */,
				00ACB927EF0AC6A6C9942FE8 /* Pods-VKApp.release.xcconfig */,
			);
			path = Pods;
			sourceTree = "<group>";
		};
/* End PBXGroup section */

/* Begin PBXNativeTarget section */
		94C28205268B65BF00A4D8AD /* VKApp */ = {
			isa = PBXNativeTarget;
			buildConfigurationList = 94C2821A268B65C200A4D8AD /* Build configuration list for PBXNativeTarget "VKApp" */;
			buildPhases = (
				C7C9A407AF0B64DD0E1E3BDB /* [CP] Check Pods Manifest.lock */,
				94C28202268B65BF00A4D8AD /* Sources */,
				94C28203268B65BF00A4D8AD /* Frameworks */,
				94C28204268B65BF00A4D8AD /* Resources */,
				FE170DC6115BC8D821250C9D /* [CP] Embed Pods Frameworks */,
			);
			buildRules = (
			);
			dependencies = (
			);
			name = VKApp;
			productName = VKApp;
			productReference = 94C28206268B65BF00A4D8AD /* VKApp.app */;
			productType = "com.apple.product-type.application";
		};
/* End PBXNativeTarget section */

/* Begin PBXProject section */
		94C281FE268B65BF00A4D8AD /* Project object */ = {
			isa = PBXProject;
			attributes = {
				LastSwiftUpdateCheck = 1250;
				LastUpgradeCheck = 1250;
				TargetAttributes = {
					94C28205268B65BF00A4D8AD = {
						CreatedOnToolsVersion = 12.5.1;
					};
				};
			};
			buildConfigurationList = 94C28201268B65BF00A4D8AD /* Build configuration list for PBXProject "VKApp" */;
			compatibilityVersion = "Xcode 9.3";
			developmentRegion = en;
			hasScannedForEncodings = 0;
			knownRegions = (
				en,
				Base,
			);
			mainGroup = 94C281FD268B65BF00A4D8AD;
			productRefGroup = 94C28207268B65BF00A4D8AD /* Products */;
			projectDirPath = "";
			projectRoot = "";
			targets = (
				94C28205268B65BF00A4D8AD /* VKApp */,
			);
		};
/* End PBXProject section */

/* Begin PBXResourcesBuildPhase section */
		94C28204268B65BF00A4D8AD /* Resources */ = {
			isa = PBXResourcesBuildPhase;
			buildActionMask = 2147483647;
			files = (
				94C28216268B65C100A4D8AD /* LaunchScreen.storyboard in Resources */,
				94C28213268B65C100A4D8AD /* Assets.xcassets in Resources */,
				94C28229268B95C200A4D8AD /* AuthentificationViewController.storyboard in Resources */,
				948A88B6268C7696006F6652 /* FeedViewController.storyboard in Resources */,
			);
			runOnlyForDeploymentPostprocessing = 0;
		};
/* End PBXResourcesBuildPhase section */

/* Begin PBXShellScriptBuildPhase section */
		C7C9A407AF0B64DD0E1E3BDB /* [CP] Check Pods Manifest.lock */ = {
			isa = PBXShellScriptBuildPhase;
			buildActionMask = 2147483647;
			files = (
			);
			inputFileListPaths = (
			);
			inputPaths = (
				"${PODS_PODFILE_DIR_PATH}/Podfile.lock",
				"${PODS_ROOT}/Manifest.lock",
			);
			name = "[CP] Check Pods Manifest.lock";
			outputFileListPaths = (
			);
			outputPaths = (
				"$(DERIVED_FILE_DIR)/Pods-VKApp-checkManifestLockResult.txt",
			);
			runOnlyForDeploymentPostprocessing = 0;
			shellPath = /bin/sh;
			shellScript = "diff \"${PODS_PODFILE_DIR_PATH}/Podfile.lock\" \"${PODS_ROOT}/Manifest.lock\" > /dev/null\nif [ $? != 0 ] ; then\n    # print error to STDERR\n    echo \"error: The sandbox is not in sync with the Podfile.lock. Run 'pod install' or update your CocoaPods installation.\" >&2\n    exit 1\nfi\n# This output is used by Xcode 'outputs' to avoid re-running this script phase.\necho \"SUCCESS\" > \"${SCRIPT_OUTPUT_FILE_0}\"\n";
			showEnvVarsInLog = 0;
		};
		FE170DC6115BC8D821250C9D /* [CP] Embed Pods Frameworks */ = {
			isa = PBXShellScriptBuildPhase;
			buildActionMask = 2147483647;
			files = (
			);
			inputFileListPaths = (
				"${PODS_ROOT}/Target Support Files/Pods-VKApp/Pods-VKApp-frameworks-${CONFIGURATION}-input-files.xcfilelist",
			);
			name = "[CP] Embed Pods Frameworks";
			outputFileListPaths = (
				"${PODS_ROOT}/Target Support Files/Pods-VKApp/Pods-VKApp-frameworks-${CONFIGURATION}-output-files.xcfilelist",
			);
			runOnlyForDeploymentPostprocessing = 0;
			shellPath = /bin/sh;
			shellScript = "\"${PODS_ROOT}/Target Support Files/Pods-VKApp/Pods-VKApp-frameworks.sh\"\n";
			showEnvVarsInLog = 0;
		};
/* End PBXShellScriptBuildPhase section */

/* Begin PBXSourcesBuildPhase section */
		94C28202268B65BF00A4D8AD /* Sources */ = {
			isa = PBXSourcesBuildPhase;
			buildActionMask = 2147483647;
			files = (
				94C2820A268B65BF00A4D8AD /* AppDelegate.swift in Sources */,
				94C28228268B8EA200A4D8AD /* AuthentificationViewController.swift in Sources */,
				948A88B8268C7B6E006F6652 /* UIViewControllerAndSB.swift in Sources */,
				948A88B4268C7683006F6652 /* FeedViewController.swift in Sources */,
				948A88BC268C7FAB006F6652 /* NetworkService.swift in Sources */,
				94C2821F268B858600A4D8AD /* AuthenticationService.swift in Sources */,
				948A88BE268C7FEA006F6652 /* API.swift in Sources */,
			);
			runOnlyForDeploymentPostprocessing = 0;
		};
/* End PBXSourcesBuildPhase section */

/* Begin PBXVariantGroup section */
		94C28214268B65C100A4D8AD /* LaunchScreen.storyboard */ = {
			isa = PBXVariantGroup;
			children = (
				94C28215268B65C100A4D8AD /* Base */,
			);
			name = LaunchScreen.storyboard;
			sourceTree = "<group>";
		};
/* End PBXVariantGroup section */

/* Begin XCBuildConfiguration section */
		94C28218268B65C100A4D8AD /* Debug */ = {
			isa = XCBuildConfiguration;
			buildSettings = {
				ALWAYS_SEARCH_USER_PATHS = NO;
				CLANG_ANALYZER_NONNULL = YES;
				CLANG_ANALYZER_NUMBER_OBJECT_CONVERSION = YES_AGGRESSIVE;
				CLANG_CXX_LANGUAGE_STANDARD = "gnu++14";
				CLANG_CXX_LIBRARY = "libc++";
				CLANG_ENABLE_MODULES = YES;
				CLANG_ENABLE_OBJC_ARC = YES;
				CLANG_ENABLE_OBJC_WEAK = YES;
				CLANG_WARN_BLOCK_CAPTURE_AUTORELEASING = YES;
				CLANG_WARN_BOOL_CONVERSION = YES;
				CLANG_WARN_COMMA = YES;
				CLANG_WARN_CONSTANT_CONVERSION = YES;
				CLANG_WARN_DEPRECATED_OBJC_IMPLEMENTATIONS = YES;
				CLANG_WARN_DIRECT_OBJC_ISA_USAGE = YES_ERROR;
				CLANG_WARN_DOCUMENTATION_COMMENTS = YES;
				CLANG_WARN_EMPTY_BODY = YES;
				CLANG_WARN_ENUM_CONVERSION = YES;
				CLANG_WARN_INFINITE_RECURSION = YES;
				CLANG_WARN_INT_CONVERSION = YES;
				CLANG_WARN_NON_LITERAL_NULL_CONVERSION = YES;
				CLANG_WARN_OBJC_IMPLICIT_RETAIN_SELF = YES;
				CLANG_WARN_OBJC_LITERAL_CONVERSION = YES;
				CLANG_WARN_OBJC_ROOT_CLASS = YES_ERROR;
				CLANG_WARN_QUOTED_INCLUDE_IN_FRAMEWORK_HEADER = YES;
				CLANG_WARN_RANGE_LOOP_ANALYSIS = YES;
				CLANG_WARN_STRICT_PROTOTYPES = YES;
				CLANG_WARN_SUSPICIOUS_MOVE = YES;
				CLANG_WARN_UNGUARDED_AVAILABILITY = YES_AGGRESSIVE;
				CLANG_WARN_UNREACHABLE_CODE = YES;
				CLANG_WARN__DUPLICATE_METHOD_MATCH = YES;
				COPY_PHASE_STRIP = NO;
				DEBUG_INFORMATION_FORMAT = dwarf;
				ENABLE_STRICT_OBJC_MSGSEND = YES;
				ENABLE_TESTABILITY = YES;
				GCC_C_LANGUAGE_STANDARD = gnu11;
				GCC_DYNAMIC_NO_PIC = NO;
				GCC_NO_COMMON_BLOCKS = YES;
				GCC_OPTIMIZATION_LEVEL = 0;
				GCC_PREPROCESSOR_DEFINITIONS = (
					"DEBUG=1",
					"$(inherited)",
				);
				GCC_WARN_64_TO_32_BIT_CONVERSION = YES;
				GCC_WARN_ABOUT_RETURN_TYPE = YES_ERROR;
				GCC_WARN_UNDECLARED_SELECTOR = YES;
				GCC_WARN_UNINITIALIZED_AUTOS = YES_AGGRESSIVE;
				GCC_WARN_UNUSED_FUNCTION = YES;
				GCC_WARN_UNUSED_VARIABLE = YES;
				IPHONEOS_DEPLOYMENT_TARGET = 14.5;
				MTL_ENABLE_DEBUG_INFO = INCLUDE_SOURCE;
				MTL_FAST_MATH = YES;
				ONLY_ACTIVE_ARCH = YES;
				SDKROOT = iphoneos;
				SWIFT_ACTIVE_COMPILATION_CONDITIONS = DEBUG;
				SWIFT_OPTIMIZATION_LEVEL = "-Onone";
			};
			name = Debug;
		};
		94C28219268B65C100A4D8AD /* Release */ = {
			isa = XCBuildConfiguration;
			buildSettings = {
				ALWAYS_SEARCH_USER_PATHS = NO;
				CLANG_ANALYZER_NONNULL = YES;
				CLANG_ANALYZER_NUMBER_OBJECT_CONVERSION = YES_AGGRESSIVE;
				CLANG_CXX_LANGUAGE_STANDARD = "gnu++14";
				CLANG_CXX_LIBRARY = "libc++";
				CLANG_ENABLE_MODULES = YES;
				CLANG_ENABLE_OBJC_ARC = YES;
				CLANG_ENABLE_OBJC_WEAK = YES;
				CLANG_WARN_BLOCK_CAPTURE_AUTORELEASING = YES;
				CLANG_WARN_BOOL_CONVERSION = YES;
				CLANG_WARN_COMMA = YES;
				CLANG_WARN_CONSTANT_CONVERSION = YES;
				CLANG_WARN_DEPRECATED_OBJC_IMPLEMENTATIONS = YES;
				CLANG_WARN_DIRECT_OBJC_ISA_USAGE = YES_ERROR;
				CLANG_WARN_DOCUMENTATION_COMMENTS = YES;
				CLANG_WARN_EMPTY_BODY = YES;
				CLANG_WARN_ENUM_CONVERSION = YES;
				CLANG_WARN_INFINITE_RECURSION = YES;
				CLANG_WARN_INT_CONVERSION = YES;
				CLANG_WARN_NON_LITERAL_NULL_CONVERSION = YES;
				CLANG_WARN_OBJC_IMPLICIT_RETAIN_SELF = YES;
				CLANG_WARN_OBJC_LITERAL_CONVERSION = YES;
				CLANG_WARN_OBJC_ROOT_CLASS = YES_ERROR;
				CLANG_WARN_QUOTED_INCLUDE_IN_FRAMEWORK_HEADER = YES;
				CLANG_WARN_RANGE_LOOP_ANALYSIS = YES;
				CLANG_WARN_STRICT_PROTOTYPES = YES;
				CLANG_WARN_SUSPICIOUS_MOVE = YES;
				CLANG_WARN_UNGUARDED_AVAILABILITY = YES_AGGRESSIVE;
				CLANG_WARN_UNREACHABLE_CODE = YES;
				CLANG_WARN__DUPLICATE_METHOD_MATCH = YES;
				COPY_PHASE_STRIP = NO;
				DEBUG_INFORMATION_FORMAT = "dwarf-with-dsym";
				ENABLE_NS_ASSERTIONS = NO;
				ENABLE_STRICT_OBJC_MSGSEND = YES;
				GCC_C_LANGUAGE_STANDARD = gnu11;
				GCC_NO_COMMON_BLOCKS = YES;
				GCC_WARN_64_TO_32_BIT_CONVERSION = YES;
				GCC_WARN_ABOUT_RETURN_TYPE = YES_ERROR;
				GCC_WARN_UNDECLARED_SELECTOR = YES;
				GCC_WARN_UNINITIALIZED_AUTOS = YES_AGGRESSIVE;
				GCC_WARN_UNUSED_FUNCTION = YES;
				GCC_WARN_UNUSED_VARIABLE = YES;
				IPHONEOS_DEPLOYMENT_TARGET = 14.5;
				MTL_ENABLE_DEBUG_INFO = NO;
				MTL_FAST_MATH = YES;
				SDKROOT = iphoneos;
				SWIFT_COMPILATION_MODE = wholemodule;
				SWIFT_OPTIMIZATION_LEVEL = "-O";
				VALIDATE_PRODUCT = YES;
			};
			name = Release;
		};
		94C2821B268B65C200A4D8AD /* Debug */ = {
			isa = XCBuildConfiguration;
			baseConfigurationReference = E2E216B48FB8ED614EDCA73A /* Pods-VKApp.debug.xcconfig */;
			buildSettings = {
				ASSETCATALOG_COMPILER_APPICON_NAME = AppIcon;
				ASSETCATALOG_COMPILER_GLOBAL_ACCENT_COLOR_NAME = AccentColor;
				CODE_SIGN_STYLE = Automatic;
				DEVELOPMENT_TEAM = DY69TQ5DW9;
				INFOPLIST_FILE = VKApp/Info.plist;
				IPHONEOS_DEPLOYMENT_TARGET = 10.0;
				LD_RUNPATH_SEARCH_PATHS = (
					"$(inherited)",
					"@executable_path/Frameworks",
				);
				PRODUCT_BUNDLE_IDENTIFIER = tulai.VKApp;
				PRODUCT_NAME = "$(TARGET_NAME)";
				SWIFT_VERSION = 5.0;
				TARGETED_DEVICE_FAMILY = "1,2";
			};
			name = Debug;
		};
		94C2821C268B65C200A4D8AD /* Release */ = {
			isa = XCBuildConfiguration;
			baseConfigurationReference = 00ACB927EF0AC6A6C9942FE8 /* Pods-VKApp.release.xcconfig */;
			buildSettings = {
				ASSETCATALOG_COMPILER_APPICON_NAME = AppIcon;
				ASSETCATALOG_COMPILER_GLOBAL_ACCENT_COLOR_NAME = AccentColor;
				CODE_SIGN_STYLE = Automatic;
				DEVELOPMENT_TEAM = DY69TQ5DW9;
				INFOPLIST_FILE = VKApp/Info.plist;
				IPHONEOS_DEPLOYMENT_TARGET = 10.0;
				LD_RUNPATH_SEARCH_PATHS = (
					"$(inherited)",
					"@executable_path/Frameworks",
				);
				PRODUCT_BUNDLE_IDENTIFIER = tulai.VKApp;
				PRODUCT_NAME = "$(TARGET_NAME)";
				SWIFT_VERSION = 5.0;
				TARGETED_DEVICE_FAMILY = "1,2";
			};
			name = Release;
		};
/* End XCBuildConfiguration section */

/* Begin XCConfigurationList section */
		94C28201268B65BF00A4D8AD /* Build configuration list for PBXProject "VKApp" */ = {
			isa = XCConfigurationList;
			buildConfigurations = (
				94C28218268B65C100A4D8AD /* Debug */,
				94C28219268B65C100A4D8AD /* Release */,
			);
			defaultConfigurationIsVisible = 0;
			defaultConfigurationName = Release;
		};
		94C2821A268B65C200A4D8AD /* Build configuration list for PBXNativeTarget "VKApp" */ = {
			isa = XCConfigurationList;
			buildConfigurations = (
				94C2821B268B65C200A4D8AD /* Debug */,
				94C2821C268B65C200A4D8AD /* Release */,
			);
			defaultConfigurationIsVisible = 0;
			defaultConfigurationName = Release;
		};
/* End XCConfigurationList section */
	};
	rootObject = 94C281FE268B65BF00A4D8AD /* Project object */;
}
